
Microsoft Visual Studio Solution File, Format Version 12.00
# Visual Studio Version 16
VisualStudioVersion = 16.0.30907.101
MinimumVisualStudioVersion = 10.0.40219.1
Project("{2150E333-8FDC-42A3-9474-1A3956D46DE8}") = "Services", "Services", "{DD966D40-ABAD-4B10-BB69-AB1EEA617378}"
EndProject
Project("{2150E333-8FDC-42A3-9474-1A3956D46DE8}") = "Catalog", "Catalog", "{DCF1AECD-990A-48C1-BE51-71A6E1F2AFAD}"
EndProject
Project("{FAE04EC0-301F-11D3-BF4B-00C04F79EFBC}") = "Catalog.Api", "Services\Catalog\Catalog.Api\Catalog.Api.csproj", "{4B037E8E-449F-4A2A-B6E8-FA320FC0DC4C}"
EndProject
Global
	GlobalSection(SolutionConfigurationPlatforms) = preSolution
		Debug|Any CPU = Debug|Any CPU
		Release|Any CPU = Release|Any CPU
	EndGlobalSection
	GlobalSection(ProjectConfigurationPlatforms) = postSolution
		{4B037E8E-449F-4A2A-B6E8-FA320FC0DC4C}.Debug|Any CPU.ActiveCfg = Debug|Any CPU
		{4B037E8E-449F-4A2A-B6E8-FA320FC0DC4C}.Debug|Any CPU.Build.0 = Debug|Any CPU
		{4B037E8E-449F-4A2A-B6E8-FA320FC0DC4C}.Release|Any CPU.ActiveCfg = Release|Any CPU
		{4B037E8E-449F-4A2A-B6E8-FA320FC0DC4C}.Release|Any CPU.Build.0 = Release|Any CPU
	EndGlobalSection
	GlobalSection(SolutionProperties) = preSolution
		HideSolutionNode = FALSE
	EndGlobalSection
	GlobalSection(NestedProjects) = preSolution
		{DCF1AECD-990A-48C1-BE51-71A6E1F2AFAD} = {DD966D40-ABAD-4B10-BB69-AB1EEA617378}
		{4B037E8E-449F-4A2A-B6E8-FA320FC0DC4C} = {DCF1AECD-990A-48C1-BE51-71A6E1F2AFAD}
	EndGlobalSection
	GlobalSection(ExtensibilityGlobals) = postSolution
		SolutionGuid = {91EFDDA0-6D84-4B43-A533-57E74813F01C}
	EndGlobalSection
EndGlobal
